
Microsoft Visual Studio Solution File, Format Version 12.00
# Visual Studio Version 17
VisualStudioVersion = 17.10.35122.118
MinimumVisualStudioVersion = 10.0.40219.1
Project("{9A19103F-16F7-4668-BE54-9A1E7A4F7556}") = "ArchitectureSample", "ArchitectureSample\ArchitectureSample.csproj", "{A7C6750F-47CD-4E45-8B03-BC9373C87E75}"
EndProject
Project("{FAE04EC0-301F-11D3-BF4B-00C04F79EFBC}") = "ArchitectureSampleTest", "ArchitectureSampleTest\ArchitectureSampleTest.csproj", "{BAE25F9A-D507-42D9-8372-9287FEECBA8A}"
	ProjectSection(ProjectDependencies) = postProject
		{A7C6750F-47CD-4E45-8B03-BC9373C87E75} = {A7C6750F-47CD-4E45-8B03-BC9373C87E75}
	EndProjectSection
EndProject
Global
	GlobalSection(SolutionConfigurationPlatforms) = preSolution
		Debug|Any CPU = Debug|Any CPU
		Release|Any CPU = Release|Any CPU
	EndGlobalSection
	GlobalSection(ProjectConfigurationPlatforms) = postSolution
		{A7C6750F-47CD-4E45-8B03-BC9373C87E75}.Debug|Any CPU.ActiveCfg = Debug|Any CPU
		{A7C6750F-47CD-4E45-8B03-BC9373C87E75}.Debug|Any CPU.Build.0 = Debug|Any CPU
		{A7C6750F-47CD-4E45-8B03-BC9373C87E75}.Release|Any CPU.ActiveCfg = Release|Any CPU
		{A7C6750F-47CD-4E45-8B03-BC9373C87E75}.Release|Any CPU.Build.0 = Release|Any CPU
		{BAE25F9A-D507-42D9-8372-9287FEECBA8A}.Debug|Any CPU.ActiveCfg = Debug|Any CPU
		{BAE25F9A-D507-42D9-8372-9287FEECBA8A}.Debug|Any CPU.Build.0 = Debug|Any CPU
		{BAE25F9A-D507-42D9-8372-9287FEECBA8A}.Release|Any CPU.ActiveCfg = Release|Any CPU
		{BAE25F9A-D507-42D9-8372-9287FEECBA8A}.Release|Any CPU.Build.0 = Release|Any CPU
	EndGlobalSection
	GlobalSection(SolutionProperties) = preSolution
		HideSolutionNode = FALSE
	EndGlobalSection
	GlobalSection(ExtensibilityGlobals) = postSolution
		SolutionGuid = {B12C9222-7EC5-43F5-83D6-9B17FEA83D58}
	EndGlobalSection
EndGlobal
